// !$*UTF8*$!
{
	archiveVersion = 1;
	classes = {
	};
	objectVersion = 50;
	objects = {

/* Begin PBXBuildFile section */
		0D43E2D1260814AF00EA82CB /* logman.cpp in Sources */ = {isa = PBXBuildFile; fileRef = 0D43E2D0260814AF00EA82CB /* logman.cpp */; };
		0D43E2D72608727C00EA82CB /* archive.cpp in Sources */ = {isa = PBXBuildFile; fileRef = 0D43E2D52608727C00EA82CB /* archive.cpp */; };
/* End PBXBuildFile section */

/* Begin PBXCopyFilesBuildPhase section */
		0D43E2AA260813EE00EA82CB /* CopyFiles */ = {
			isa = PBXCopyFilesBuildPhase;
			buildActionMask = 2147483647;
			dstPath = /usr/share/man/man1/;
			dstSubfolderSpec = 0;
			files = (
			);
			runOnlyForDeploymentPostprocessing = 1;
		};
/* End PBXCopyFilesBuildPhase section */

/* Begin PBXFileReference section */
		0D43E2AC260813EE00EA82CB /* p3-logman */ = {isa = PBXFileReference; explicitFileType = "compiled.mach-o.executable"; includeInIndex = 0; path = "p3-logman"; sourceTree = BUILT_PRODUCTS_DIR; };
		0D43E2B82608140300EA82CB /* sample-q-cmds.txt */ = {isa = PBXFileReference; lastKnownFileType = text; path = "sample-q-cmds.txt"; sourceTree = "<group>"; };
		0D43E2B92608140300EA82CB /* sample-t-cmds.txt */ = {isa = PBXFileReference; lastKnownFileType = text; path = "sample-t-cmds.txt"; sourceTree = "<group>"; };
		0D43E2BA2608140300EA82CB /* spec-test-log.txt */ = {isa = PBXFileReference; lastKnownFileType = text; path = "spec-test-log.txt"; sourceTree = "<group>"; };
		0D43E2BB2608140300EA82CB /* spec-test-out.txt */ = {isa = PBXFileReference; lastKnownFileType = text; path = "spec-test-out.txt"; sourceTree = "<group>"; };
		0D43E2BC2608140300EA82CB /* sample-b-out.txt */ = {isa = PBXFileReference; lastKnownFileType = text; path = "sample-b-out.txt"; sourceTree = "<group>"; };
		0D43E2BD2608140300EA82CB /* sample-log.txt */ = {isa = PBXFileReference; lastKnownFileType = text; path = "sample-log.txt"; sourceTree = "<group>"; };
		0D43E2BE2608140300EA82CB /* sample-all-cmds.txt */ = {isa = PBXFileReference; lastKnownFileType = text; path = "sample-all-cmds.txt"; sourceTree = "<group>"; };
		0D43E2BF2608140300EA82CB /* sample-q-out.txt */ = {isa = PBXFileReference; lastKnownFileType = text; path = "sample-q-out.txt"; sourceTree = "<group>"; };
		0D43E2C02608140300EA82CB /* sample-t-out.txt */ = {isa = PBXFileReference; lastKnownFileType = text; path = "sample-t-out.txt"; sourceTree = "<group>"; };
		0D43E2C12608140300EA82CB /* sample-b-cmds.txt */ = {isa = PBXFileReference; lastKnownFileType = text; path = "sample-b-cmds.txt"; sourceTree = "<group>"; };
		0D43E2C22608140300EA82CB /* sample-c-out.txt */ = {isa = PBXFileReference; lastKnownFileType = text; path = "sample-c-out.txt"; sourceTree = "<group>"; };
		0D43E2C32608140400EA82CB /* sample-k-cmds.txt */ = {isa = PBXFileReference; lastKnownFileType = text; path = "sample-k-cmds.txt"; sourceTree = "<group>"; };
		0D43E2C42608140400EA82CB /* sample-d-cmds.txt */ = {isa = PBXFileReference; lastKnownFileType = text; path = "sample-d-cmds.txt"; sourceTree = "<group>"; };
		0D43E2C52608140400EA82CB /* sample-d-out.txt */ = {isa = PBXFileReference; lastKnownFileType = text; path = "sample-d-out.txt"; sourceTree = "<group>"; };
		0D43E2C62608140400EA82CB /* sample-k-out.txt */ = {isa = PBXFileReference; lastKnownFileType = text; path = "sample-k-out.txt"; sourceTree = "<group>"; };
		0D43E2C72608140400EA82CB /* sample-e-cmds.txt */ = {isa = PBXFileReference; lastKnownFileType = text; path = "sample-e-cmds.txt"; sourceTree = "<group>"; };
		0D43E2C82608140400EA82CB /* spec-test-cmds.txt */ = {isa = PBXFileReference; lastKnownFileType = text; path = "spec-test-cmds.txt"; sourceTree = "<group>"; };
		0D43E2C92608140400EA82CB /* sample-c-cmds.txt */ = {isa = PBXFileReference; lastKnownFileType = text; path = "sample-c-cmds.txt"; sourceTree = "<group>"; };
		0D43E2CA2608140400EA82CB /* README-timing.txt */ = {isa = PBXFileReference; lastKnownFileType = text; path = "README-timing.txt"; sourceTree = "<group>"; };
		0D43E2CB2608140400EA82CB /* sample-all-out.txt */ = {isa = PBXFileReference; lastKnownFileType = text; path = "sample-all-out.txt"; sourceTree = "<group>"; };
		0D43E2CC2608140400EA82CB /* sample-e-out.txt */ = {isa = PBXFileReference; lastKnownFileType = text; path = "sample-e-out.txt"; sourceTree = "<group>"; };
		0D43E2CE2608144C00EA82CB /* Makefile */ = {isa = PBXFileReference; lastKnownFileType = sourcecode.make; path = Makefile; sourceTree = "<group>"; };
		0D43E2CF2608147600EA82CB /* README.txt */ = {isa = PBXFileReference; lastKnownFileType = text; path = README.txt; sourceTree = "<group>"; };
		0D43E2D0260814AF00EA82CB /* logman.cpp */ = {isa = PBXFileReference; lastKnownFileType = sourcecode.cpp.cpp; path = logman.cpp; sourceTree = "<group>"; };
		0D43E2D4260870F800EA82CB /* xcode_redirect.hpp */ = {isa = PBXFileReference; lastKnownFileType = sourcecode.cpp.h; path = xcode_redirect.hpp; sourceTree = "<group>"; };
		0D43E2D52608727C00EA82CB /* archive.cpp */ = {isa = PBXFileReference; lastKnownFileType = sourcecode.cpp.cpp; path = archive.cpp; sourceTree = "<group>"; };
		0D43E2D62608727C00EA82CB /* archive.h */ = {isa = PBXFileReference; lastKnownFileType = sourcecode.c.h; path = archive.h; sourceTree = "<group>"; };
/* End PBXFileReference section */

/* Begin PBXFrameworksBuildPhase section */
		0D43E2A9260813EE00EA82CB /* Frameworks */ = {
			isa = PBXFrameworksBuildPhase;
			buildActionMask = 2147483647;
			files = (
			);
			runOnlyForDeploymentPostprocessing = 0;
		};
/* End PBXFrameworksBuildPhase section */

/* Begin PBXGroup section */
		0D43E2A3260813EE00EA82CB = {
			isa = PBXGroup;
			children = (
				0D43E2D0260814AF00EA82CB /* logman.cpp */,
				0D43E2D62608727C00EA82CB /* archive.h */,
				0D43E2D52608727C00EA82CB /* archive.cpp */,
				0D43E2CD2608140E00EA82CB /* Txt files */,
				0D43E2CE2608144C00EA82CB /* Makefile */,
				0D43E2D4260870F800EA82CB /* xcode_redirect.hpp */,
				0D43E2AD260813EE00EA82CB /* Products */,
			);
			sourceTree = "<group>";
		};
		0D43E2AD260813EE00EA82CB /* Products */ = {
			isa = PBXGroup;
			children = (
				0D43E2AC260813EE00EA82CB /* p3-logman */,
			);
			name = Products;
			sourceTree = "<group>";
		};
		0D43E2CD2608140E00EA82CB /* Txt files */ = {
			isa = PBXGroup;
			children = (
				0D43E2CF2608147600EA82CB /* README.txt */,
				0D43E2CA2608140400EA82CB /* README-timing.txt */,
				0D43E2BE2608140300EA82CB /* sample-all-cmds.txt */,
				0D43E2CB2608140400EA82CB /* sample-all-out.txt */,
				0D43E2C12608140300EA82CB /* sample-b-cmds.txt */,
				0D43E2BC2608140300EA82CB /* sample-b-out.txt */,
				0D43E2C92608140400EA82CB /* sample-c-cmds.txt */,
				0D43E2C22608140300EA82CB /* sample-c-out.txt */,
				0D43E2C42608140400EA82CB /* sample-d-cmds.txt */,
				0D43E2C52608140400EA82CB /* sample-d-out.txt */,
				0D43E2C72608140400EA82CB /* sample-e-cmds.txt */,
				0D43E2CC2608140400EA82CB /* sample-e-out.txt */,
				0D43E2C32608140400EA82CB /* sample-k-cmds.txt */,
				0D43E2C62608140400EA82CB /* sample-k-out.txt */,
				0D43E2BD2608140300EA82CB /* sample-log.txt */,
				0D43E2B82608140300EA82CB /* sample-q-cmds.txt */,
				0D43E2BF2608140300EA82CB /* sample-q-out.txt */,
				0D43E2B92608140300EA82CB /* sample-t-cmds.txt */,
				0D43E2C02608140300EA82CB /* sample-t-out.txt */,
				0D43E2C82608140400EA82CB /* spec-test-cmds.txt */,
				0D43E2BA2608140300EA82CB /* spec-test-log.txt */,
				0D43E2BB2608140300EA82CB /* spec-test-out.txt */,
			);
			name = "Txt files";
			sourceTree = "<group>";
		};
/* End PBXGroup section */

/* Begin PBXNativeTarget section */
		0D43E2AB260813EE00EA82CB /* p3-logman */ = {
			isa = PBXNativeTarget;
			buildConfigurationList = 0D43E2B3260813EE00EA82CB /* Build configuration list for PBXNativeTarget "p3-logman" */;
			buildPhases = (
				0D43E2A8260813EE00EA82CB /* Sources */,
				0D43E2A9260813EE00EA82CB /* Frameworks */,
				0D43E2AA260813EE00EA82CB /* CopyFiles */,
			);
			buildRules = (
			);
			dependencies = (
			);
			name = "p3-logman";
			productName = "p3-logman";
			productReference = 0D43E2AC260813EE00EA82CB /* p3-logman */;
			productType = "com.apple.product-type.tool";
		};
/* End PBXNativeTarget section */

/* Begin PBXProject section */
		0D43E2A4260813EE00EA82CB /* Project object */ = {
			isa = PBXProject;
			attributes = {
				LastUpgradeCheck = 1240;
				TargetAttributes = {
					0D43E2AB260813EE00EA82CB = {
						CreatedOnToolsVersion = 12.4;
					};
				};
			};
			buildConfigurationList = 0D43E2A7260813EE00EA82CB /* Build configuration list for PBXProject "p3-logman" */;
			compatibilityVersion = "Xcode 9.3";
			developmentRegion = en;
			hasScannedForEncodings = 0;
			knownRegions = (
				en,
				Base,
			);
			mainGroup = 0D43E2A3260813EE00EA82CB;
			productRefGroup = 0D43E2AD260813EE00EA82CB /* Products */;
			projectDirPath = "";
			projectRoot = "";
			targets = (
				0D43E2AB260813EE00EA82CB /* p3-logman */,
			);
		};
/* End PBXProject section */

/* Begin PBXSourcesBuildPhase section */
		0D43E2A8260813EE00EA82CB /* Sources */ = {
			isa = PBXSourcesBuildPhase;
			buildActionMask = 2147483647;
			files = (
				0D43E2D1260814AF00EA82CB /* logman.cpp in Sources */,
				0D43E2D72608727C00EA82CB /* archive.cpp in Sources */,
			);
			runOnlyForDeploymentPostprocessing = 0;
		};
/* End PBXSourcesBuildPhase section */

/* Begin XCBuildConfiguration section */
		0D43E2B1260813EE00EA82CB /* Debug */ = {
			isa = XCBuildConfiguration;
			buildSettings = {
				ALWAYS_SEARCH_USER_PATHS = NO;
				CLANG_ANALYZER_NONNULL = YES;
				CLANG_ANALYZER_NUMBER_OBJECT_CONVERSION = YES_AGGRESSIVE;
				CLANG_CXX_LANGUAGE_STANDARD = "gnu++14";
				CLANG_CXX_LIBRARY = "libc++";
				CLANG_ENABLE_MODULES = YES;
				CLANG_ENABLE_OBJC_ARC = YES;
				CLANG_ENABLE_OBJC_WEAK = YES;
				CLANG_WARN_BLOCK_CAPTURE_AUTORELEASING = YES;
				CLANG_WARN_BOOL_CONVERSION = YES;
				CLANG_WARN_COMMA = YES;
				CLANG_WARN_CONSTANT_CONVERSION = YES;
				CLANG_WARN_DEPRECATED_OBJC_IMPLEMENTATIONS = YES;
				CLANG_WARN_DIRECT_OBJC_ISA_USAGE = YES_ERROR;
				CLANG_WARN_DOCUMENTATION_COMMENTS = YES;
				CLANG_WARN_EMPTY_BODY = YES;
				CLANG_WARN_ENUM_CONVERSION = YES;
				CLANG_WARN_INFINITE_RECURSION = YES;
				CLANG_WARN_INT_CONVERSION = YES;
				CLANG_WARN_NON_LITERAL_NULL_CONVERSION = YES;
				CLANG_WARN_OBJC_IMPLICIT_RETAIN_SELF = YES;
				CLANG_WARN_OBJC_LITERAL_CONVERSION = YES;
				CLANG_WARN_OBJC_ROOT_CLASS = YES_ERROR;
				CLANG_WARN_QUOTED_INCLUDE_IN_FRAMEWORK_HEADER = YES;
				CLANG_WARN_RANGE_LOOP_ANALYSIS = YES;
				CLANG_WARN_STRICT_PROTOTYPES = YES;
				CLANG_WARN_SUSPICIOUS_MOVE = YES;
				CLANG_WARN_UNGUARDED_AVAILABILITY = YES_AGGRESSIVE;
				CLANG_WARN_UNREACHABLE_CODE = YES;
				CLANG_WARN__DUPLICATE_METHOD_MATCH = YES;
				COPY_PHASE_STRIP = NO;
				DEBUG_INFORMATION_FORMAT = dwarf;
				ENABLE_STRICT_OBJC_MSGSEND = YES;
				ENABLE_TESTABILITY = YES;
				GCC_C_LANGUAGE_STANDARD = gnu11;
				GCC_DYNAMIC_NO_PIC = NO;
				GCC_NO_COMMON_BLOCKS = YES;
				GCC_OPTIMIZATION_LEVEL = 0;
				GCC_PREPROCESSOR_DEFINITIONS = (
					"DEBUG=1",
					"$(inherited)",
				);
				GCC_WARN_64_TO_32_BIT_CONVERSION = YES;
				GCC_WARN_ABOUT_RETURN_TYPE = YES_ERROR;
				GCC_WARN_UNDECLARED_SELECTOR = YES;
				GCC_WARN_UNINITIALIZED_AUTOS = YES_AGGRESSIVE;
				GCC_WARN_UNUSED_FUNCTION = YES;
				GCC_WARN_UNUSED_VARIABLE = YES;
				MACOSX_DEPLOYMENT_TARGET = 10.15;
				MTL_ENABLE_DEBUG_INFO = INCLUDE_SOURCE;
				MTL_FAST_MATH = YES;
				ONLY_ACTIVE_ARCH = YES;
				SDKROOT = macosx;
			};
			name = Debug;
		};
		0D43E2B2260813EE00EA82CB /* Release */ = {
			isa = XCBuildConfiguration;
			buildSettings = {
				ALWAYS_SEARCH_USER_PATHS = NO;
				CLANG_ANALYZER_NONNULL = YES;
				CLANG_ANALYZER_NUMBER_OBJECT_CONVERSION = YES_AGGRESSIVE;
				CLANG_CXX_LANGUAGE_STANDARD = "gnu++14";
				CLANG_CXX_LIBRARY = "libc++";
				CLANG_ENABLE_MODULES = YES;
				CLANG_ENABLE_OBJC_ARC = YES;
				CLANG_ENABLE_OBJC_WEAK = YES;
				CLANG_WARN_BLOCK_CAPTURE_AUTORELEASING = YES;
				CLANG_WARN_BOOL_CONVERSION = YES;
				CLANG_WARN_COMMA = YES;
				CLANG_WARN_CONSTANT_CONVERSION = YES;
				CLANG_WARN_DEPRECATED_OBJC_IMPLEMENTATIONS = YES;
				CLANG_WARN_DIRECT_OBJC_ISA_USAGE = YES_ERROR;
				CLANG_WARN_DOCUMENTATION_COMMENTS = YES;
				CLANG_WARN_EMPTY_BODY = YES;
				CLANG_WARN_ENUM_CONVERSION = YES;
				CLANG_WARN_INFINITE_RECURSION = YES;
				CLANG_WARN_INT_CONVERSION = YES;
				CLANG_WARN_NON_LITERAL_NULL_CONVERSION = YES;
				CLANG_WARN_OBJC_IMPLICIT_RETAIN_SELF = YES;
				CLANG_WARN_OBJC_LITERAL_CONVERSION = YES;
				CLANG_WARN_OBJC_ROOT_CLASS = YES_ERROR;
				CLANG_WARN_QUOTED_INCLUDE_IN_FRAMEWORK_HEADER = YES;
				CLANG_WARN_RANGE_LOOP_ANALYSIS = YES;
				CLANG_WARN_STRICT_PROTOTYPES = YES;
				CLANG_WARN_SUSPICIOUS_MOVE = YES;
				CLANG_WARN_UNGUARDED_AVAILABILITY = YES_AGGRESSIVE;
				CLANG_WARN_UNREACHABLE_CODE = YES;
				CLANG_WARN__DUPLICATE_METHOD_MATCH = YES;
				COPY_PHASE_STRIP = NO;
				DEBUG_INFORMATION_FORMAT = "dwarf-with-dsym";
				ENABLE_NS_ASSERTIONS = NO;
				ENABLE_STRICT_OBJC_MSGSEND = YES;
				GCC_C_LANGUAGE_STANDARD = gnu11;
				GCC_NO_COMMON_BLOCKS = YES;
				GCC_WARN_64_TO_32_BIT_CONVERSION = YES;
				GCC_WARN_ABOUT_RETURN_TYPE = YES_ERROR;
				GCC_WARN_UNDECLARED_SELECTOR = YES;
				GCC_WARN_UNINITIALIZED_AUTOS = YES_AGGRESSIVE;
				GCC_WARN_UNUSED_FUNCTION = YES;
				GCC_WARN_UNUSED_VARIABLE = YES;
				MACOSX_DEPLOYMENT_TARGET = 10.15;
				MTL_ENABLE_DEBUG_INFO = NO;
				MTL_FAST_MATH = YES;
				SDKROOT = macosx;
			};
			name = Release;
		};
		0D43E2B4260813EE00EA82CB /* Debug */ = {
			isa = XCBuildConfiguration;
			buildSettings = {
				CODE_SIGN_STYLE = Automatic;
				PRODUCT_NAME = "$(TARGET_NAME)";
			};
			name = Debug;
		};
		0D43E2B5260813EE00EA82CB /* Release */ = {
			isa = XCBuildConfiguration;
			buildSettings = {
				CODE_SIGN_STYLE = Automatic;
				PRODUCT_NAME = "$(TARGET_NAME)";
			};
			name = Release;
		};
/* End XCBuildConfiguration section */

/* Begin XCConfigurationList section */
		0D43E2A7260813EE00EA82CB /* Build configuration list for PBXProject "p3-logman" */ = {
			isa = XCConfigurationList;
			buildConfigurations = (
				0D43E2B1260813EE00EA82CB /* Debug */,
				0D43E2B2260813EE00EA82CB /* Release */,
			);
			defaultConfigurationIsVisible = 0;
			defaultConfigurationName = Release;
		};
		0D43E2B3260813EE00EA82CB /* Build configuration list for PBXNativeTarget "p3-logman" */ = {
			isa = XCConfigurationList;
			buildConfigurations = (
				0D43E2B4260813EE00EA82CB /* Debug */,
				0D43E2B5260813EE00EA82CB /* Release */,
			);
			defaultConfigurationIsVisible = 0;
			defaultConfigurationName = Release;
		};
/* End XCConfigurationList section */
	};
	rootObject = 0D43E2A4260813EE00EA82CB /* Project object */;
}
